github.com/ManchersterByTheSea/test_common v0.0.0-20211221071811-626d985ae6d3 h1:+aZWnlJRPPLTnWhWsO5myVTv1V6FeywlCNZw+yT99OI=
github.com/ManchersterByTheSea/test_common v0.0.0-20211221071811-626d985ae6d3/go.mod h1:7ij+cENDi4zXTxV5X1llzmCMqnIbLie5y6SITJq3CnI=
github.com/ManchersterByTheSea/test_drive v0.0.0-20211221092643-ad55091554f3 h1:Dgaq81V46zVRZjhSXM134w0XIRcxCz6iBH3hqlAknkc=
github.com/ManchersterByTheSea/test_drive v0.0.0-20211221092643-ad55091554f3/go.mod h1:kj1TmoSizMz5Wy6gSQXbOgzaKhVeWg1U8CCRkOseMhc=
